
Microsoft Visual Studio Solution File, Format Version 12.00
# Visual Studio Version 17
VisualStudioVersion = 17.6.33815.320
MinimumVisualStudioVersion = 10.0.40219.1
Project("{FAE04EC0-301F-11D3-BF4B-00C04F79EFBC}") = "ElasticSearchProvider", "ElasticSearchProvider.csproj", "{B9A707E8-0810-4ED8-8A71-CF87E0DDFA8D}"
EndProject
Global
	GlobalSection(SolutionConfigurationPlatforms) = preSolution
		Debug|Any CPU = Debug|Any CPU
		Release|Any CPU = Release|Any CPU
	EndGlobalSection
	GlobalSection(ProjectConfigurationPlatforms) = postSolution
		{B9A707E8-0810-4ED8-8A71-CF87E0DDFA8D}.Debug|Any CPU.ActiveCfg = Debug|Any CPU
		{B9A707E8-0810-4ED8-8A71-CF87E0DDFA8D}.Debug|Any CPU.Build.0 = Debug|Any CPU
		{B9A707E8-0810-4ED8-8A71-CF87E0DDFA8D}.Release|Any CPU.ActiveCfg = Release|Any CPU
		{B9A707E8-0810-4ED8-8A71-CF87E0DDFA8D}.Release|Any CPU.Build.0 = Release|Any CPU
	EndGlobalSection
	GlobalSection(SolutionProperties) = preSolution
		HideSolutionNode = FALSE
	EndGlobalSection
	GlobalSection(ExtensibilityGlobals) = postSolution
		SolutionGuid = {AFC69B91-92A2-4B56-8801-978B0706BAE3}
	EndGlobalSection
EndGlobal
